github.com/go-logr/logr v1.2.2 h1:ahHml/yUpnlb96Rp8HCvtYVPY8ZYpxq3g7UYchIYwbs=
github.com/go-logr/logr v1.2.2/go.mod h1:jdQByPbusPIv2/zmleS9BjJVeZ6kBagPoEUsqbVz/1A=
logur.dev/logur v0.17.0 h1:lwFZk349ZBY7KhonJFLshP/VhfFa6BxOjHxNnPHnEyc=
logur.dev/logur v0.17.0/go.mod h1:DyA5B+b6WjjCcnpE1+HGtTLh2lXooxRq+JmAwXMRK08=
